
Microsoft Visual Studio Solution File, Format Version 12.00
# Visual Studio Version 17
VisualStudioVersion = 17.5.002.0
MinimumVisualStudioVersion = 10.0.40219.1
Project("{2150E333-8FDC-42A3-9474-1A3956D46DE8}") = "csharp-prep", "csharp-prep", "{58658288-B005-4C59-A8ED-1872966CBC06}"
EndProject
Project("{9A19103F-16F7-4668-BE54-9A1E7A4F7556}") = "Prep1", "csharp-prep\Prep1\Prep1.csproj", "{0E88FE4E-59A6-46A3-96CD-8415A87C9CE7}"
EndProject
Project("{9A19103F-16F7-4668-BE54-9A1E7A4F7556}") = "Prep2", "csharp-prep\Prep2\Prep2.csproj", "{7F3DE8D4-B98B-4C85-8E26-92B105DA92FC}"
EndProject
Project("{9A19103F-16F7-4668-BE54-9A1E7A4F7556}") = "Prep3", "csharp-prep\Prep3\Prep3.csproj", "{4E78455F-8163-4207-ADB1-CE4AE001C359}"
EndProject
Project("{9A19103F-16F7-4668-BE54-9A1E7A4F7556}") = "Prep4", "csharp-prep\Prep4\Prep4.csproj", "{E0D5BD13-F766-4498-8F1D-56A3E856AB19}"
EndProject
Project("{9A19103F-16F7-4668-BE54-9A1E7A4F7556}") = "Prep5", "csharp-prep\Prep5\Prep5.csproj", "{9BD176C1-4988-4D82-BEC2-19BC3D856E51}"
EndProject
Project("{2150E333-8FDC-42A3-9474-1A3956D46DE8}") = "final", "final", "{B50DB84D-617C-4837-9235-4D8E15A4D643}"
EndProject
Project("{9A19103F-16F7-4668-BE54-9A1E7A4F7556}") = "FinalProject", "final\FinalProject\FinalProject.csproj", "{9B7041DA-5A37-4C59-B3A8-03FCA35A75C8}"
EndProject
Project("{9A19103F-16F7-4668-BE54-9A1E7A4F7556}") = "Foundation1", "final\Foundation1\Foundation1.csproj", "{0D7C112F-DB38-4C53-8A9F-94D6F3FAE601}"
EndProject
Project("{9A19103F-16F7-4668-BE54-9A1E7A4F7556}") = "Foundation2", "final\Foundation2\Foundation2.csproj", "{C48ECA7F-DD2F-4B02-90EC-44FB1C79A454}"
EndProject
Project("{9A19103F-16F7-4668-BE54-9A1E7A4F7556}") = "Foundation3", "final\Foundation3\Foundation3.csproj", "{6BE700A7-1A91-430D-AE0A-78F73A60ECFC}"
EndProject
Project("{9A19103F-16F7-4668-BE54-9A1E7A4F7556}") = "Foundation4", "final\Foundation4\Foundation4.csproj", "{6CFBF1B4-226C-4F46-B1D5-34BD29FDF9B0}"
EndProject
Project("{2150E333-8FDC-42A3-9474-1A3956D46DE8}") = "prepare", "prepare", "{779DCD6C-392C-4633-B27F-8A151EB93961}"
EndProject
Project("{9A19103F-16F7-4668-BE54-9A1E7A4F7556}") = "Learning02", "prepare\Learning02\Learning02.csproj", "{92380ABB-68B6-4CEB-A758-7858842E7810}"
EndProject
Project("{9A19103F-16F7-4668-BE54-9A1E7A4F7556}") = "Learning03", "prepare\Learning03\Learning03.csproj", "{2197ECB9-10D5-463C-B481-60ED5A797104}"
EndProject
Project("{9A19103F-16F7-4668-BE54-9A1E7A4F7556}") = "Learning04", "prepare\Learning04\Learning04.csproj", "{FBFC36F5-4DA1-42E7-8DF2-635889D775EE}"
EndProject
Project("{9A19103F-16F7-4668-BE54-9A1E7A4F7556}") = "Learning05", "prepare\Learning05\Learning05.csproj", "{092E73B5-68A0-40B6-A32C-F1359A6AECDF}"
EndProject
Project("{2150E333-8FDC-42A3-9474-1A3956D46DE8}") = "prove", "prove", "{92E87AE5-0A62-4E30-ABFA-DAB9849B596E}"
EndProject
Project("{9A19103F-16F7-4668-BE54-9A1E7A4F7556}") = "Develop02", "prove\Develop02\Develop02.csproj", "{6644B262-181C-49AE-9CC8-205C625B5E01}"
EndProject
Project("{9A19103F-16F7-4668-BE54-9A1E7A4F7556}") = "Develop03", "prove\Develop03\Develop03.csproj", "{48CC0FA6-FFF3-4177-9994-14AF32AD1AB0}"
EndProject
Project("{9A19103F-16F7-4668-BE54-9A1E7A4F7556}") = "Develop04", "prove\Develop04\Develop04.csproj", "{6B467D14-8AC2-4497-ADF0-98CF1A361F9A}"
EndProject
Project("{9A19103F-16F7-4668-BE54-9A1E7A4F7556}") = "Develop05", "prove\Develop05\Develop05.csproj", "{D46C7787-833F-4FFE-A5F3-99D60144E413}"
EndProject
Project("{2150E333-8FDC-42A3-9474-1A3956D46DE8}") = "sandbox", "sandbox", "{63A94B6B-317F-4F84-B6BB-D43D5AB292EC}"
EndProject
Project("{9A19103F-16F7-4668-BE54-9A1E7A4F7556}") = "Sandbox", "sandbox\Sandbox\Sandbox.csproj", "{C3D2662A-1D10-4D41-9B97-B6552BDA1C58}"
EndProject
Global
	GlobalSection(SolutionConfigurationPlatforms) = preSolution
		Debug|Any CPU = Debug|Any CPU
		Release|Any CPU = Release|Any CPU
	EndGlobalSection
	GlobalSection(ProjectConfigurationPlatforms) = postSolution
		{0E88FE4E-59A6-46A3-96CD-8415A87C9CE7}.Debug|Any CPU.ActiveCfg = Debug|Any CPU
		{0E88FE4E-59A6-46A3-96CD-8415A87C9CE7}.Debug|Any CPU.Build.0 = Debug|Any CPU
		{0E88FE4E-59A6-46A3-96CD-8415A87C9CE7}.Release|Any CPU.ActiveCfg = Release|Any CPU
		{0E88FE4E-59A6-46A3-96CD-8415A87C9CE7}.Release|Any CPU.Build.0 = Release|Any CPU
		{7F3DE8D4-B98B-4C85-8E26-92B105DA92FC}.Debug|Any CPU.ActiveCfg = Debug|Any CPU
		{7F3DE8D4-B98B-4C85-8E26-92B105DA92FC}.Debug|Any CPU.Build.0 = Debug|Any CPU
		{7F3DE8D4-B98B-4C85-8E26-92B105DA92FC}.Release|Any CPU.ActiveCfg = Release|Any CPU
		{7F3DE8D4-B98B-4C85-8E26-92B105DA92FC}.Release|Any CPU.Build.0 = Release|Any CPU
		{4E78455F-8163-4207-ADB1-CE4AE001C359}.Debug|Any CPU.ActiveCfg = Debug|Any CPU
		{4E78455F-8163-4207-ADB1-CE4AE001C359}.Debug|Any CPU.Build.0 = Debug|Any CPU
		{4E78455F-8163-4207-ADB1-CE4AE001C359}.Release|Any CPU.ActiveCfg = Release|Any CPU
		{4E78455F-8163-4207-ADB1-CE4AE001C359}.Release|Any CPU.Build.0 = Release|Any CPU
		{E0D5BD13-F766-4498-8F1D-56A3E856AB19}.Debug|Any CPU.ActiveCfg = Debug|Any CPU
		{E0D5BD13-F766-4498-8F1D-56A3E856AB19}.Debug|Any CPU.Build.0 = Debug|Any CPU
		{E0D5BD13-F766-4498-8F1D-56A3E856AB19}.Release|Any CPU.ActiveCfg = Release|Any CPU
		{E0D5BD13-F766-4498-8F1D-56A3E856AB19}.Release|Any CPU.Build.0 = Release|Any CPU
		{9BD176C1-4988-4D82-BEC2-19BC3D856E51}.Debug|Any CPU.ActiveCfg = Debug|Any CPU
		{9BD176C1-4988-4D82-BEC2-19BC3D856E51}.Debug|Any CPU.Build.0 = Debug|Any CPU
		{9BD176C1-4988-4D82-BEC2-19BC3D856E51}.Release|Any CPU.ActiveCfg = Release|Any CPU
		{9BD176C1-4988-4D82-BEC2-19BC3D856E51}.Release|Any CPU.Build.0 = Release|Any CPU
		{9B7041DA-5A37-4C59-B3A8-03FCA35A75C8}.Debug|Any CPU.ActiveCfg = Debug|Any CPU
		{9B7041DA-5A37-4C59-B3A8-03FCA35A75C8}.Debug|Any CPU.Build.0 = Debug|Any CPU
		{9B7041DA-5A37-4C59-B3A8-03FCA35A75C8}.Release|Any CPU.ActiveCfg = Release|Any CPU
		{9B7041DA-5A37-4C59-B3A8-03FCA35A75C8}.Release|Any CPU.Build.0 = Release|Any CPU
		{0D7C112F-DB38-4C53-8A9F-94D6F3FAE601}.Debug|Any CPU.ActiveCfg = Debug|Any CPU
		{0D7C112F-DB38-4C53-8A9F-94D6F3FAE601}.Debug|Any CPU.Build.0 = Debug|Any CPU
		{0D7C112F-DB38-4C53-8A9F-94D6F3FAE601}.Release|Any CPU.ActiveCfg = Release|Any CPU
		{0D7C112F-DB38-4C53-8A9F-94D6F3FAE601}.Release|Any CPU.Build.0 = Release|Any CPU
		{C48ECA7F-DD2F-4B02-90EC-44FB1C79A454}.Debug|Any CPU.ActiveCfg = Debug|Any CPU
		{C48ECA7F-DD2F-4B02-90EC-44FB1C79A454}.Debug|Any CPU.Build.0 = Debug|Any CPU
		{C48ECA7F-DD2F-4B02-90EC-44FB1C79A454}.Release|Any CPU.ActiveCfg = Release|Any CPU
		{C48ECA7F-DD2F-4B02-90EC-44FB1C79A454}.Release|Any CPU.Build.0 = Release|Any CPU
		{6BE700A7-1A91-430D-AE0A-78F73A60ECFC}.Debug|Any CPU.ActiveCfg = Debug|Any CPU
		{6BE700A7-1A91-430D-AE0A-78F73A60ECFC}.Debug|Any CPU.Build.0 = Debug|Any CPU
		{6BE700A7-1A91-430D-AE0A-78F73A60ECFC}.Release|Any CPU.ActiveCfg = Release|Any CPU
		{6BE700A7-1A91-430D-AE0A-78F73A60ECFC}.Release|Any CPU.Build.0 = Release|Any CPU
		{6CFBF1B4-226C-4F46-B1D5-34BD29FDF9B0}.Debug|Any CPU.ActiveCfg = Debug|Any CPU
		{6CFBF1B4-226C-4F46-B1D5-34BD29FDF9B0}.Debug|Any CPU.Build.0 = Debug|Any CPU
		{6CFBF1B4-226C-4F46-B1D5-34BD29FDF9B0}.Release|Any CPU.ActiveCfg = Release|Any CPU
		{6CFBF1B4-226C-4F46-B1D5-34BD29FDF9B0}.Release|Any CPU.Build.0 = Release|Any CPU
		{92380ABB-68B6-4CEB-A758-7858842E7810}.Debug|Any CPU.ActiveCfg = Debug|Any CPU
		{92380ABB-68B6-4CEB-A758-7858842E7810}.Debug|Any CPU.Build.0 = Debug|Any CPU
		{92380ABB-68B6-4CEB-A758-7858842E7810}.Release|Any CPU.ActiveCfg = Release|Any CPU
		{92380ABB-68B6-4CEB-A758-7858842E7810}.Release|Any CPU.Build.0 = Release|Any CPU
		{2197ECB9-10D5-463C-B481-60ED5A797104}.Debug|Any CPU.ActiveCfg = Debug|Any CPU
		{2197ECB9-10D5-463C-B481-60ED5A797104}.Debug|Any CPU.Build.0 = Debug|Any CPU
		{2197ECB9-10D5-463C-B481-60ED5A797104}.Release|Any CPU.ActiveCfg = Release|Any CPU
		{2197ECB9-10D5-463C-B481-60ED5A797104}.Release|Any CPU.Build.0 = Release|Any CPU
		{FBFC36F5-4DA1-42E7-8DF2-635889D775EE}.Debug|Any CPU.ActiveCfg = Debug|Any CPU
		{FBFC36F5-4DA1-42E7-8DF2-635889D775EE}.Debug|Any CPU.Build.0 = Debug|Any CPU
		{FBFC36F5-4DA1-42E7-8DF2-635889D775EE}.Release|Any CPU.ActiveCfg = Release|Any CPU
		{FBFC36F5-4DA1-42E7-8DF2-635889D775EE}.Release|Any CPU.Build.0 = Release|Any CPU
		{092E73B5-68A0-40B6-A32C-F1359A6AECDF}.Debug|Any CPU.ActiveCfg = Debug|Any CPU
		{092E73B5-68A0-40B6-A32C-F1359A6AECDF}.Debug|Any CPU.Build.0 = Debug|Any CPU
		{092E73B5-68A0-40B6-A32C-F1359A6AECDF}.Release|Any CPU.ActiveCfg = Release|Any CPU
		{092E73B5-68A0-40B6-A32C-F1359A6AECDF}.Release|Any CPU.Build.0 = Release|Any CPU
		{6644B262-181C-49AE-9CC8-205C625B5E01}.Debug|Any CPU.ActiveCfg = Debug|Any CPU
		{6644B262-181C-49AE-9CC8-205C625B5E01}.Debug|Any CPU.Build.0 = Debug|Any CPU
		{6644B262-181C-49AE-9CC8-205C625B5E01}.Release|Any CPU.ActiveCfg = Release|Any CPU
		{6644B262-181C-49AE-9CC8-205C625B5E01}.Release|Any CPU.Build.0 = Release|Any CPU
		{48CC0FA6-FFF3-4177-9994-14AF32AD1AB0}.Debug|Any CPU.ActiveCfg = Debug|Any CPU
		{48CC0FA6-FFF3-4177-9994-14AF32AD1AB0}.Debug|Any CPU.Build.0 = Debug|Any CPU
		{48CC0FA6-FFF3-4177-9994-14AF32AD1AB0}.Release|Any CPU.ActiveCfg = Release|Any CPU
		{48CC0FA6-FFF3-4177-9994-14AF32AD1AB0}.Release|Any CPU.Build.0 = Release|Any CPU
		{6B467D14-8AC2-4497-ADF0-98CF1A361F9A}.Debug|Any CPU.ActiveCfg = Debug|Any CPU
		{6B467D14-8AC2-4497-ADF0-98CF1A361F9A}.Debug|Any CPU.Build.0 = Debug|Any CPU
		{6B467D14-8AC2-4497-ADF0-98CF1A361F9A}.Release|Any CPU.ActiveCfg = Release|Any CPU
		{6B467D14-8AC2-4497-ADF0-98CF1A361F9A}.Release|Any CPU.Build.0 = Release|Any CPU
		{D46C7787-833F-4FFE-A5F3-99D60144E413}.Debug|Any CPU.ActiveCfg = Debug|Any CPU
		{D46C7787-833F-4FFE-A5F3-99D60144E413}.Debug|Any CPU.Build.0 = Debug|Any CPU
		{D46C7787-833F-4FFE-A5F3-99D60144E413}.Release|Any CPU.ActiveCfg = Release|Any CPU
		{D46C7787-833F-4FFE-A5F3-99D60144E413}.Release|Any CPU.Build.0 = Release|Any CPU
		{C3D2662A-1D10-4D41-9B97-B6552BDA1C58}.Debug|Any CPU.ActiveCfg = Debug|Any CPU
		{C3D2662A-1D10-4D41-9B97-B6552BDA1C58}.Debug|Any CPU.Build.0 = Debug|Any CPU
		{C3D2662A-1D10-4D41-9B97-B6552BDA1C58}.Release|Any CPU.ActiveCfg = Release|Any CPU
		{C3D2662A-1D10-4D41-9B97-B6552BDA1C58}.Release|Any CPU.Build.0 = Release|Any CPU
	EndGlobalSection
	GlobalSection(SolutionProperties) = preSolution
		HideSolutionNode = FALSE
	EndGlobalSection
	GlobalSection(NestedProjects) = preSolution
		{0E88FE4E-59A6-46A3-96CD-8415A87C9CE7} = {58658288-B005-4C59-A8ED-1872966CBC06}
		{7F3DE8D4-B98B-4C85-8E26-92B105DA92FC} = {58658288-B005-4C59-A8ED-1872966CBC06}
		{4E78455F-8163-4207-ADB1-CE4AE001C359} = {58658288-B005-4C59-A8ED-1872966CBC06}
		{E0D5BD13-F766-4498-8F1D-56A3E856AB19} = {58658288-B005-4C59-A8ED-1872966CBC06}
		{9BD176C1-4988-4D82-BEC2-19BC3D856E51} = {58658288-B005-4C59-A8ED-1872966CBC06}
		{9B7041DA-5A37-4C59-B3A8-03FCA35A75C8} = {B50DB84D-617C-4837-9235-4D8E15A4D643}
		{0D7C112F-DB38-4C53-8A9F-94D6F3FAE601} = {B50DB84D-617C-4837-9235-4D8E15A4D643}
		{C48ECA7F-DD2F-4B02-90EC-44FB1C79A454} = {B50DB84D-617C-4837-9235-4D8E15A4D643}
		{6BE700A7-1A91-430D-AE0A-78F73A60ECFC} = {B50DB84D-617C-4837-9235-4D8E15A4D643}
		{6CFBF1B4-226C-4F46-B1D5-34BD29FDF9B0} = {B50DB84D-617C-4837-9235-4D8E15A4D643}
		{92380ABB-68B6-4CEB-A758-7858842E7810} = {779DCD6C-392C-4633-B27F-8A151EB93961}
		{2197ECB9-10D5-463C-B481-60ED5A797104} = {779DCD6C-392C-4633-B27F-8A151EB93961}
		{FBFC36F5-4DA1-42E7-8DF2-635889D775EE} = {779DCD6C-392C-4633-B27F-8A151EB93961}
		{092E73B5-68A0-40B6-A32C-F1359A6AECDF} = {779DCD6C-392C-4633-B27F-8A151EB93961}
		{6644B262-181C-49AE-9CC8-205C625B5E01} = {92E87AE5-0A62-4E30-ABFA-DAB9849B596E}
		{48CC0FA6-FFF3-4177-9994-14AF32AD1AB0} = {92E87AE5-0A62-4E30-ABFA-DAB9849B596E}
		{6B467D14-8AC2-4497-ADF0-98CF1A361F9A} = {92E87AE5-0A62-4E30-ABFA-DAB9849B596E}
		{D46C7787-833F-4FFE-A5F3-99D60144E413} = {92E87AE5-0A62-4E30-ABFA-DAB9849B596E}
		{C3D2662A-1D10-4D41-9B97-B6552BDA1C58} = {63A94B6B-317F-4F84-B6BB-D43D5AB292EC}
	EndGlobalSection
	GlobalSection(ExtensibilityGlobals) = postSolution
		SolutionGuid = {DEC696F8-E3B0-4BDB-87D4-5151B1003C06}
	EndGlobalSection
EndGlobal
